
Microsoft Visual Studio Solution File, Format Version 12.00
# Visual Studio Version 17
VisualStudioVersion = 17.10.35013.160
MinimumVisualStudioVersion = 10.0.40219.1
Project("{FAE04EC0-301F-11D3-BF4B-00C04F79EFBC}") = "usingAndCustMiddleware", "usingAndCustMiddleware\usingAndCustMiddleware.csproj", "{A79895C1-FEFE-4D55-ADA2-ACC0D47C2BAE}"
EndProject
Global
	GlobalSection(SolutionConfigurationPlatforms) = preSolution
		Debug|Any CPU = Debug|Any CPU
		Release|Any CPU = Release|Any CPU
	EndGlobalSection
	GlobalSection(ProjectConfigurationPlatforms) = postSolution
		{A79895C1-FEFE-4D55-ADA2-ACC0D47C2BAE}.Debug|Any CPU.ActiveCfg = Debug|Any CPU
		{A79895C1-FEFE-4D55-ADA2-ACC0D47C2BAE}.Debug|Any CPU.Build.0 = Debug|Any CPU
		{A79895C1-FEFE-4D55-ADA2-ACC0D47C2BAE}.Release|Any CPU.ActiveCfg = Release|Any CPU
		{A79895C1-FEFE-4D55-ADA2-ACC0D47C2BAE}.Release|Any CPU.Build.0 = Release|Any CPU
	EndGlobalSection
	GlobalSection(SolutionProperties) = preSolution
		HideSolutionNode = FALSE
	EndGlobalSection
	GlobalSection(ExtensibilityGlobals) = postSolution
		SolutionGuid = {A6C9EE1A-FD5E-462D-8ED4-2E84A0565960}
	EndGlobalSection
EndGlobal
